{
    "_readme": [
        "This file locks the dependencies of your project to a known state",
        "Read more about it at http://getcomposer.org/doc/01-basic-usage.md#composer-lock-the-lock-file",
        "This file is @generated automatically"
    ],
    "hash": "97b121378da5c22a288cfcb5e2404c69",
    "packages": [
        {
            "name": "pihizi/redismq-php-publisher",
            "version": "dev-master",
            "source": {
                "type": "git",
                "url": "https://github.com/pihizi/redismq-php-publisher.git",
                "reference": "edef529ce66fce39b59083cff9b4d4bf600da2fc"
            },
            "dist": {
                "type": "zip",
                "url": "https://api.github.com/repos/pihizi/redismq-php-publisher/zipball/edef529ce66fce39b59083cff9b4d4bf600da2fc",
                "reference": "edef529ce66fce39b59083cff9b4d4bf600da2fc",
                "shasum": ""
            },
            "require": {
                "php": ">=5.4.0"
            },
            "type": "library",
            "autoload": {
                "psr-4": {
                    "RedisMQ\\": "src/"
                }
            },
            "notification-url": "https://packagist.org/downloads/",
            "license": [
                "MIT"
            ],
            "authors": [
                {
                    "name": "PiHiZi",
                    "email": "pihizi@msn.com"
                }
            ],
            "description": "PHP library: publish message to redis MQ",
            "homepage": "https://github.com/pihizi/redismq-php-publisher",
            "keywords": [
                "MQ",
                "php",
                "publish",
                "redis",
                "subscrib"
            ],
            "time": "2014-11-17 15:22:59"
        }
    ],
    "packages-dev": [

    ],
    "aliases": [

    ],
    "minimum-stability": "stable",
    "stability-flags": {
        "pihizi/redismq-php-publisher": 20
    },
    "prefer-stable": false,
    "platform": [

    ],
    "platform-dev": [

    ]
}
